
Microsoft Visual Studio Solution File, Format Version 12.00
# Visual Studio 15
Project("{FAE04EC0-301F-11D3-BF4B-00C04F79EFBC}") = "Assembly-CSharp", "Assembly-CSharp.csproj", "{E2ED1B00-8C8E-3926-F6D4-7A651C8359B5}"
EndProject
Project("{FAE04EC0-301F-11D3-BF4B-00C04F79EFBC}") = "Assembly-CSharp-firstpass", "Assembly-CSharp-firstpass.csproj", "{FD0C13DE-A5E3-E5C1-6D62-F2EA53E85427}"
EndProject
Project("{FAE04EC0-301F-11D3-BF4B-00C04F79EFBC}") = "Assembly-CSharp-Editor-firstpass", "Assembly-CSharp-Editor-firstpass.csproj", "{5CEB4F70-843C-92AB-461A-5EC4F7014E59}"
EndProject
Global
	GlobalSection(SolutionConfigurationPlatforms) = preSolution
		Debug|Any CPU = Debug|Any CPU
		Release|Any CPU = Release|Any CPU
	EndGlobalSection
	GlobalSection(ProjectConfigurationPlatforms) = postSolution
		{E2ED1B00-8C8E-3926-F6D4-7A651C8359B5}.Debug|Any CPU.ActiveCfg = Debug|Any CPU
		{E2ED1B00-8C8E-3926-F6D4-7A651C8359B5}.Debug|Any CPU.Build.0 = Debug|Any CPU
		{E2ED1B00-8C8E-3926-F6D4-7A651C8359B5}.Release|Any CPU.ActiveCfg = Release|Any CPU
		{E2ED1B00-8C8E-3926-F6D4-7A651C8359B5}.Release|Any CPU.Build.0 = Release|Any CPU
		{FD0C13DE-A5E3-E5C1-6D62-F2EA53E85427}.Debug|Any CPU.ActiveCfg = Debug|Any CPU
		{FD0C13DE-A5E3-E5C1-6D62-F2EA53E85427}.Debug|Any CPU.Build.0 = Debug|Any CPU
		{FD0C13DE-A5E3-E5C1-6D62-F2EA53E85427}.Release|Any CPU.ActiveCfg = Release|Any CPU
		{FD0C13DE-A5E3-E5C1-6D62-F2EA53E85427}.Release|Any CPU.Build.0 = Release|Any CPU
		{5CEB4F70-843C-92AB-461A-5EC4F7014E59}.Debug|Any CPU.ActiveCfg = Debug|Any CPU
		{5CEB4F70-843C-92AB-461A-5EC4F7014E59}.Debug|Any CPU.Build.0 = Debug|Any CPU
		{5CEB4F70-843C-92AB-461A-5EC4F7014E59}.Release|Any CPU.ActiveCfg = Release|Any CPU
		{5CEB4F70-843C-92AB-461A-5EC4F7014E59}.Release|Any CPU.Build.0 = Release|Any CPU
	EndGlobalSection
	GlobalSection(SolutionProperties) = preSolution
		HideSolutionNode = FALSE
	EndGlobalSection
EndGlobal
